
Microsoft Visual Studio Solution File, Format Version 12.00
# Visual Studio 14
VisualStudioVersion = 14.0.25420.1
MinimumVisualStudioVersion = 10.0.40219.1
Project("{8BC9CEB8-8B4A-11D0-8D11-00A0C91BC942}") = "camera_vg_take2_newsln", "camera_vg_take2_newsln\camera_vg_take2_newsln.vcxproj", "{FC580B2D-C327-4A5D-A1AE-394740F87FB6}"
EndProject
Project("{8BC9CEB8-8B4A-11D0-8D11-00A0C91BC942}") = "camera_vg_take2", "..\camera_vg_take2_hold\camera_vg_take2.vcxproj", "{9A2E7A4E-14C2-44D9-92A2-370B7F457450}"
EndProject
Global
	GlobalSection(SolutionConfigurationPlatforms) = preSolution
		Debug|x64 = Debug|x64
		Debug|x86 = Debug|x86
		Release|x64 = Release|x64
		Release|x86 = Release|x86
	EndGlobalSection
	GlobalSection(ProjectConfigurationPlatforms) = postSolution
		{FC580B2D-C327-4A5D-A1AE-394740F87FB6}.Debug|x64.ActiveCfg = Debug|x64
		{FC580B2D-C327-4A5D-A1AE-394740F87FB6}.Debug|x64.Build.0 = Debug|x64
		{FC580B2D-C327-4A5D-A1AE-394740F87FB6}.Debug|x86.ActiveCfg = Debug|Win32
		{FC580B2D-C327-4A5D-A1AE-394740F87FB6}.Debug|x86.Build.0 = Debug|Win32
		{FC580B2D-C327-4A5D-A1AE-394740F87FB6}.Release|x64.ActiveCfg = Release|x64
		{FC580B2D-C327-4A5D-A1AE-394740F87FB6}.Release|x64.Build.0 = Release|x64
		{FC580B2D-C327-4A5D-A1AE-394740F87FB6}.Release|x86.ActiveCfg = Release|Win32
		{FC580B2D-C327-4A5D-A1AE-394740F87FB6}.Release|x86.Build.0 = Release|Win32
		{9A2E7A4E-14C2-44D9-92A2-370B7F457450}.Debug|x64.ActiveCfg = Debug|x64
		{9A2E7A4E-14C2-44D9-92A2-370B7F457450}.Debug|x64.Build.0 = Debug|x64
		{9A2E7A4E-14C2-44D9-92A2-370B7F457450}.Debug|x86.ActiveCfg = Debug|Win32
		{9A2E7A4E-14C2-44D9-92A2-370B7F457450}.Debug|x86.Build.0 = Debug|Win32
		{9A2E7A4E-14C2-44D9-92A2-370B7F457450}.Release|x64.ActiveCfg = Release|x64
		{9A2E7A4E-14C2-44D9-92A2-370B7F457450}.Release|x64.Build.0 = Release|x64
		{9A2E7A4E-14C2-44D9-92A2-370B7F457450}.Release|x86.ActiveCfg = Release|Win32
		{9A2E7A4E-14C2-44D9-92A2-370B7F457450}.Release|x86.Build.0 = Release|Win32
	EndGlobalSection
	GlobalSection(SolutionProperties) = preSolution
		HideSolutionNode = FALSE
	EndGlobalSection
EndGlobal
